<?xml version="1.0" encoding="UTF-8" standalone="yes" ?>
<CodeBlocks_project_file>
	<FileVersion major="1" minor="6" />
	<Project>
		<Option title="Game" />
		<Option pch_mode="2" />
		<Option compiler="gcc" />
		<Build>
			<Target title="Debug">
				<Option output="bin/Debug/Game" prefix_auto="1" extension_auto="1" />
				<Option object_output="obj/Debug/" />
				<Option type="1" />
				<Option compiler="gcc" />
				<Compiler>
					<Add option="-g" />
					<Add directory="../../../../Downloads/SFML-2.5.1/include" />
					<Add directory="Software_tender_git/Game" />
				</Compiler>
				<Linker>
					<Add library="sfml-graphics" />
					<Add library="sfml-window" />
					<Add library="sfml-system" />
					<Add library="sfml-audio" />
					<Add library="sfml-network" />
					<Add directory="../../../../Downloads/SFML-2.5.1/lib" />
				</Linker>
			</Target>
			<Target title="Release">
				<Option output="bin/Release/Game" prefix_auto="1" extension_auto="1" />
				<Option object_output="obj/Release/" />
				<Option type="1" />
				<Option compiler="gcc" />
				<Compiler>
					<Add option="-O2" />
					<Add directory="Software_tender_git/Game" />
				</Compiler>
				<Linker>
					<Add option="-s" />
				</Linker>
			</Target>
		</Build>
		<Compiler>
			<Add option="-Wall" />
		</Compiler>
		<Unit filename="../../Dev2_tender/2022-project-2104199-Gcanga-482412-Pule-master/2022-project-2104199-Gcanga-482412-Pule-master/game-source-code/Bailey.cpp" />
		<Unit filename="../../Dev2_tender/2022-project-2104199-Gcanga-482412-Pule-master/2022-project-2104199-Gcanga-482412-Pule-master/game-source-code/Bailey.h" />
		<Unit filename="../../Dev2_tender/2022-project-2104199-Gcanga-482412-Pule-master/2022-project-2104199-Gcanga-482412-Pule-master/game-source-code/CallStates.cpp" />
		<Unit filename="../../Dev2_tender/2022-project-2104199-Gcanga-482412-Pule-master/2022-project-2104199-Gcanga-482412-Pule-master/game-source-code/CallStates.h" />
		<Unit filename="../../Dev2_tender/2022-project-2104199-Gcanga-482412-Pule-master/2022-project-2104199-Gcanga-482412-Pule-master/game-source-code/CollisionDetection.cpp" />
		<Unit filename="../../Dev2_tender/2022-project-2104199-Gcanga-482412-Pule-master/2022-project-2104199-Gcanga-482412-Pule-master/game-source-code/CollisionDetection.h" />
		<Unit filename="../../Dev2_tender/2022-project-2104199-Gcanga-482412-Pule-master/2022-project-2104199-Gcanga-482412-Pule-master/game-source-code/Collissions.cpp" />
		<Unit filename="../../Dev2_tender/2022-project-2104199-Gcanga-482412-Pule-master/2022-project-2104199-Gcanga-482412-Pule-master/game-source-code/Collissions.h" />
		<Unit filename="../../Dev2_tender/2022-project-2104199-Gcanga-482412-Pule-master/2022-project-2104199-Gcanga-482412-Pule-master/game-source-code/DataManagement.cpp" />
		<Unit filename="../../Dev2_tender/2022-project-2104199-Gcanga-482412-Pule-master/2022-project-2104199-Gcanga-482412-Pule-master/game-source-code/DataManagement.h" />
		<Unit filename="../../Dev2_tender/2022-project-2104199-Gcanga-482412-Pule-master/2022-project-2104199-Gcanga-482412-Pule-master/game-source-code/DrawBailey.cpp" />
		<Unit filename="../../Dev2_tender/2022-project-2104199-Gcanga-482412-Pule-master/2022-project-2104199-Gcanga-482412-Pule-master/game-source-code/DrawBailey.h" />
		<Unit filename="../../Dev2_tender/2022-project-2104199-Gcanga-482412-Pule-master/2022-project-2104199-Gcanga-482412-Pule-master/game-source-code/DrawIceBlocks.cpp" />
		<Unit filename="../../Dev2_tender/2022-project-2104199-Gcanga-482412-Pule-master/2022-project-2104199-Gcanga-482412-Pule-master/game-source-code/DrawIceBlocks.h" />
		<Unit filename="../../Dev2_tender/2022-project-2104199-Gcanga-482412-Pule-master/2022-project-2104199-Gcanga-482412-Pule-master/game-source-code/Enums.h" />
		<Unit filename="../../Dev2_tender/2022-project-2104199-Gcanga-482412-Pule-master/2022-project-2104199-Gcanga-482412-Pule-master/game-source-code/GameObjects.h" />
		<Unit filename="../../Dev2_tender/2022-project-2104199-Gcanga-482412-Pule-master/2022-project-2104199-Gcanga-482412-Pule-master/game-source-code/GameProperties.h" />
		<Unit filename="../../Dev2_tender/2022-project-2104199-Gcanga-482412-Pule-master/2022-project-2104199-Gcanga-482412-Pule-master/game-source-code/GameScreen.cpp" />
		<Unit filename="../../Dev2_tender/2022-project-2104199-Gcanga-482412-Pule-master/2022-project-2104199-Gcanga-482412-Pule-master/game-source-code/GameScreen.h" />
		<Unit filename="../../Dev2_tender/2022-project-2104199-Gcanga-482412-Pule-master/2022-project-2104199-Gcanga-482412-Pule-master/game-source-code/Ice.cpp" />
		<Unit filename="../../Dev2_tender/2022-project-2104199-Gcanga-482412-Pule-master/2022-project-2104199-Gcanga-482412-Pule-master/game-source-code/Ice.h" />
		<Unit filename="../../Dev2_tender/2022-project-2104199-Gcanga-482412-Pule-master/2022-project-2104199-Gcanga-482412-Pule-master/game-source-code/IceBlocks.cpp" />
		<Unit filename="../../Dev2_tender/2022-project-2104199-Gcanga-482412-Pule-master/2022-project-2104199-Gcanga-482412-Pule-master/game-source-code/IceBlocks.h" />
		<Unit filename="../../Dev2_tender/2022-project-2104199-Gcanga-482412-Pule-master/2022-project-2104199-Gcanga-482412-Pule-master/game-source-code/IceColumn.cpp" />
		<Unit filename="../../Dev2_tender/2022-project-2104199-Gcanga-482412-Pule-master/2022-project-2104199-Gcanga-482412-Pule-master/game-source-code/IceColumn.h" />
		<Unit filename="../../Dev2_tender/2022-project-2104199-Gcanga-482412-Pule-master/2022-project-2104199-Gcanga-482412-Pule-master/game-source-code/KeyInputHandler.cpp" />
		<Unit filename="../../Dev2_tender/2022-project-2104199-Gcanga-482412-Pule-master/2022-project-2104199-Gcanga-482412-Pule-master/game-source-code/KeyInputHandler.h" />
		<Unit filename="../../Dev2_tender/2022-project-2104199-Gcanga-482412-Pule-master/2022-project-2104199-Gcanga-482412-Pule-master/game-source-code/MoveableObjects.cpp" />
		<Unit filename="../../Dev2_tender/2022-project-2104199-Gcanga-482412-Pule-master/2022-project-2104199-Gcanga-482412-Pule-master/game-source-code/MoveableObjects.h" />
		<Unit filename="../../Dev2_tender/2022-project-2104199-Gcanga-482412-Pule-master/2022-project-2104199-Gcanga-482412-Pule-master/game-source-code/README" />
		<Unit filename="../../Dev2_tender/2022-project-2104199-Gcanga-482412-Pule-master/2022-project-2104199-Gcanga-482412-Pule-master/game-source-code/State.h" />
		<Unit filename="../../Dev2_tender/2022-project-2104199-Gcanga-482412-Pule-master/2022-project-2104199-Gcanga-482412-Pule-master/game-source-code/StatesManager.cpp" />
		<Unit filename="../../Dev2_tender/2022-project-2104199-Gcanga-482412-Pule-master/2022-project-2104199-Gcanga-482412-Pule-master/game-source-code/StatesManager.h" />
		<Unit filename="../../Dev2_tender/2022-project-2104199-Gcanga-482412-Pule-master/2022-project-2104199-Gcanga-482412-Pule-master/game-source-code/main.cpp" />
		<Unit filename="PlayGame.cpp" />
		<Unit filename="PlayGame.h" />
		<Extensions />
	</Project>
</CodeBlocks_project_file>
